
Microsoft Visual Studio Solution File, Format Version 12.00
# Visual Studio Version 17
VisualStudioVersion = 17.1.32319.34
MinimumVisualStudioVersion = 10.0.40219.1
Project("{9A19103F-16F7-4668-BE54-9A1E7A4F7556}") = "BL.API.WebHost", "BL.API.WebHost\BL.API.WebHost.csproj", "{A03A7B57-6A67-422C-BB80-20229A8BC9F6}"
EndProject
Project("{9A19103F-16F7-4668-BE54-9A1E7A4F7556}") = "BL.API.Core", "BL.API.Core\BL.API.Core.csproj", "{E1EB2E13-9EF6-41FF-9B70-92654F7193DD}"
EndProject
Project("{9A19103F-16F7-4668-BE54-9A1E7A4F7556}") = "BL.API.DataAccess", "BL.API.DataAccess\BL.API.DataAccess.csproj", "{656F7F96-88BD-4C41-AC0A-FAB4C82F8F69}"
EndProject
Project("{9A19103F-16F7-4668-BE54-9A1E7A4F7556}") = "BL.API.Services", "BL.API.Services\BL.API.Services.csproj", "{1938BF77-1D88-4207-8404-D3A1FF6D018C}"
EndProject
Project("{9A19103F-16F7-4668-BE54-9A1E7A4F7556}") = "BL.API.UnitTests", "BL.API.UnitTests\BL.API.UnitTests.csproj", "{DE922B59-0B9D-440A-93C4-2C6B223A51A8}"
EndProject
Project("{9A19103F-16F7-4668-BE54-9A1E7A4F7556}") = "BL.API.Migration", "BL.API.Migration\BL.API.Migration.csproj", "{C2AC732B-0DA3-4050-96FB-687A5002ADF0}"
EndProject
Project("{E53339B2-1760-4266-BCC7-CA923CBCF16C}") = "docker-compose", "docker-compose.dcproj", "{FAF0CD88-A0E1-411F-B7D1-311D2EE2F4B3}"
EndProject
Global
	GlobalSection(SolutionConfigurationPlatforms) = preSolution
		Debug|Any CPU = Debug|Any CPU
		Release|Any CPU = Release|Any CPU
	EndGlobalSection
	GlobalSection(ProjectConfigurationPlatforms) = postSolution
		{A03A7B57-6A67-422C-BB80-20229A8BC9F6}.Debug|Any CPU.ActiveCfg = Debug|Any CPU
		{A03A7B57-6A67-422C-BB80-20229A8BC9F6}.Debug|Any CPU.Build.0 = Debug|Any CPU
		{A03A7B57-6A67-422C-BB80-20229A8BC9F6}.Release|Any CPU.ActiveCfg = Release|Any CPU
		{A03A7B57-6A67-422C-BB80-20229A8BC9F6}.Release|Any CPU.Build.0 = Release|Any CPU
		{E1EB2E13-9EF6-41FF-9B70-92654F7193DD}.Debug|Any CPU.ActiveCfg = Debug|Any CPU
		{E1EB2E13-9EF6-41FF-9B70-92654F7193DD}.Debug|Any CPU.Build.0 = Debug|Any CPU
		{E1EB2E13-9EF6-41FF-9B70-92654F7193DD}.Release|Any CPU.ActiveCfg = Release|Any CPU
		{E1EB2E13-9EF6-41FF-9B70-92654F7193DD}.Release|Any CPU.Build.0 = Release|Any CPU
		{656F7F96-88BD-4C41-AC0A-FAB4C82F8F69}.Debug|Any CPU.ActiveCfg = Debug|Any CPU
		{656F7F96-88BD-4C41-AC0A-FAB4C82F8F69}.Debug|Any CPU.Build.0 = Debug|Any CPU
		{656F7F96-88BD-4C41-AC0A-FAB4C82F8F69}.Release|Any CPU.ActiveCfg = Release|Any CPU
		{656F7F96-88BD-4C41-AC0A-FAB4C82F8F69}.Release|Any CPU.Build.0 = Release|Any CPU
		{1938BF77-1D88-4207-8404-D3A1FF6D018C}.Debug|Any CPU.ActiveCfg = Debug|Any CPU
		{1938BF77-1D88-4207-8404-D3A1FF6D018C}.Debug|Any CPU.Build.0 = Debug|Any CPU
		{1938BF77-1D88-4207-8404-D3A1FF6D018C}.Release|Any CPU.ActiveCfg = Release|Any CPU
		{1938BF77-1D88-4207-8404-D3A1FF6D018C}.Release|Any CPU.Build.0 = Release|Any CPU
		{DE922B59-0B9D-440A-93C4-2C6B223A51A8}.Debug|Any CPU.ActiveCfg = Debug|Any CPU
		{DE922B59-0B9D-440A-93C4-2C6B223A51A8}.Debug|Any CPU.Build.0 = Debug|Any CPU
		{DE922B59-0B9D-440A-93C4-2C6B223A51A8}.Release|Any CPU.ActiveCfg = Release|Any CPU
		{DE922B59-0B9D-440A-93C4-2C6B223A51A8}.Release|Any CPU.Build.0 = Release|Any CPU
		{C2AC732B-0DA3-4050-96FB-687A5002ADF0}.Debug|Any CPU.ActiveCfg = Debug|Any CPU
		{C2AC732B-0DA3-4050-96FB-687A5002ADF0}.Debug|Any CPU.Build.0 = Debug|Any CPU
		{C2AC732B-0DA3-4050-96FB-687A5002ADF0}.Release|Any CPU.ActiveCfg = Release|Any CPU
		{C2AC732B-0DA3-4050-96FB-687A5002ADF0}.Release|Any CPU.Build.0 = Release|Any CPU
		{FAF0CD88-A0E1-411F-B7D1-311D2EE2F4B3}.Debug|Any CPU.ActiveCfg = Debug|Any CPU
		{FAF0CD88-A0E1-411F-B7D1-311D2EE2F4B3}.Debug|Any CPU.Build.0 = Debug|Any CPU
		{FAF0CD88-A0E1-411F-B7D1-311D2EE2F4B3}.Release|Any CPU.ActiveCfg = Release|Any CPU
		{FAF0CD88-A0E1-411F-B7D1-311D2EE2F4B3}.Release|Any CPU.Build.0 = Release|Any CPU
	EndGlobalSection
	GlobalSection(SolutionProperties) = preSolution
		HideSolutionNode = FALSE
	EndGlobalSection
	GlobalSection(ExtensibilityGlobals) = postSolution
		SolutionGuid = {8654C312-FCDC-4936-828C-66241181B339}
	EndGlobalSection
EndGlobal
